# THIS IS AN AUTOGENERATED FILE. DO NOT EDIT THIS FILE DIRECTLY.
# yarn lockfile v1


"@types/node@^20.11.20":
  version "20.11.20"
  resolved "https://registry.yarnpkg.com/@types/node/-/node-20.11.20.tgz#f0a2aee575215149a62784210ad88b3a34843659"
  integrity sha512-7/rR21OS+fq8IyHTgtLkDK949uzsa6n8BkziAKtPVpugIkO6D+/ooXMvzXxDnZrmtXVfjb1bKQafYpb8s89LOg==
  dependencies:
    undici-types "~5.26.4"

"@types/yaml@^1.9.7":
  version "1.9.7"
  resolved "https://registry.npmjs.org/@types/yaml/-/yaml-1.9.7.tgz"
  integrity sha512-8WMXRDD1D+wCohjfslHDgICd2JtMATZU8CkhH8LVJqcJs6dyYj5TGptzP8wApbmEullGBSsCEzzap73DQ1HJaA==
  dependencies:
    yaml "*"

typescript@^5.3.3:
  version "5.3.3"
  resolved "https://registry.yarnpkg.com/typescript/-/typescript-5.3.3.tgz#b3ce6ba258e72e6305ba66f5c9b452aaee3ffe37"
  integrity sha512-pXWcraxM0uxAS+tN0AG/BF2TyqmHO014Z070UsJ+pFvYuRSq8KH8DmWpnbXe0pEPDHXZV3FcAbJkijJ5oNEnWw==

undici-types@~5.26.4:
  version "5.26.5"
  resolved "https://registry.npmjs.org/undici-types/-/undici-types-5.26.5.tgz"
  integrity sha512-JlCMO+ehdEIKqlFxk6IfVoAUVmgz7cU7zD/h9XZ0qzeosSHmUJVOzSQvvYSYWXkFXC+IfLKSIffhv0sVZup6pA==

yaml@*, yaml@^2.3.4:
  version "2.3.4"
  resolved "https://registry.npmjs.org/yaml/-/yaml-2.3.4.tgz"
  integrity sha512-8aAvwVUSHpfEqTQ4w/KMlf3HcRdt50E5ODIQJBw1fQ5RL34xabzxtUlzTXVqc4rkZsPbvrXKWnABCD7kWSmocA==
